
Microsoft Visual Studio Solution File, Format Version 12.00
# Visual Studio Version 16
VisualStudioVersion = 16.0.29418.71
MinimumVisualStudioVersion = 10.0.40219.1
Project("{9A19103F-16F7-4668-BE54-9A1E7A4F7556}") = "day1", "day1\day1.csproj", "{82513021-0DBA-4AD2-BBD0-D740CFCA1D98}"
EndProject
Project("{9A19103F-16F7-4668-BE54-9A1E7A4F7556}") = "day2", "day2\day2.csproj", "{DF2F872B-59F7-4768-BB67-C62772A4AE0B}"
EndProject
Project("{9A19103F-16F7-4668-BE54-9A1E7A4F7556}") = "day3", "day3\day3.csproj", "{B7C6E9B2-34DF-4CBD-B7E9-58418E37C75E}"
EndProject
Project("{9A19103F-16F7-4668-BE54-9A1E7A4F7556}") = "day4", "day4\day4.csproj", "{F026C172-F08B-4E99-A5B3-1AFB5227D689}"
EndProject
Project("{9A19103F-16F7-4668-BE54-9A1E7A4F7556}") = "day5", "day5\day5.csproj", "{1C21D714-E2BB-4B75-A197-E2A0CA0ABC6F}"
EndProject
Project("{FAE04EC0-301F-11D3-BF4B-00C04F79EFBC}") = "day6", "day6\day6.csproj", "{4D19AF12-0690-4231-A29A-EDCA3345CB62}"
EndProject
Project("{FAE04EC0-301F-11D3-BF4B-00C04F79EFBC}") = "Day7", "Day7\Day7.csproj", "{14F16D36-4C67-44BC-8505-BF5F86A29653}"
EndProject
Global
	GlobalSection(SolutionConfigurationPlatforms) = preSolution
		Debug|Any CPU = Debug|Any CPU
		Release|Any CPU = Release|Any CPU
	EndGlobalSection
	GlobalSection(ProjectConfigurationPlatforms) = postSolution
		{82513021-0DBA-4AD2-BBD0-D740CFCA1D98}.Debug|Any CPU.ActiveCfg = Debug|Any CPU
		{82513021-0DBA-4AD2-BBD0-D740CFCA1D98}.Debug|Any CPU.Build.0 = Debug|Any CPU
		{82513021-0DBA-4AD2-BBD0-D740CFCA1D98}.Release|Any CPU.ActiveCfg = Release|Any CPU
		{82513021-0DBA-4AD2-BBD0-D740CFCA1D98}.Release|Any CPU.Build.0 = Release|Any CPU
		{DF2F872B-59F7-4768-BB67-C62772A4AE0B}.Debug|Any CPU.ActiveCfg = Debug|Any CPU
		{DF2F872B-59F7-4768-BB67-C62772A4AE0B}.Debug|Any CPU.Build.0 = Debug|Any CPU
		{DF2F872B-59F7-4768-BB67-C62772A4AE0B}.Release|Any CPU.ActiveCfg = Release|Any CPU
		{DF2F872B-59F7-4768-BB67-C62772A4AE0B}.Release|Any CPU.Build.0 = Release|Any CPU
		{B7C6E9B2-34DF-4CBD-B7E9-58418E37C75E}.Debug|Any CPU.ActiveCfg = Debug|Any CPU
		{B7C6E9B2-34DF-4CBD-B7E9-58418E37C75E}.Debug|Any CPU.Build.0 = Debug|Any CPU
		{B7C6E9B2-34DF-4CBD-B7E9-58418E37C75E}.Release|Any CPU.ActiveCfg = Release|Any CPU
		{B7C6E9B2-34DF-4CBD-B7E9-58418E37C75E}.Release|Any CPU.Build.0 = Release|Any CPU
		{F026C172-F08B-4E99-A5B3-1AFB5227D689}.Debug|Any CPU.ActiveCfg = Debug|Any CPU
		{F026C172-F08B-4E99-A5B3-1AFB5227D689}.Debug|Any CPU.Build.0 = Debug|Any CPU
		{F026C172-F08B-4E99-A5B3-1AFB5227D689}.Release|Any CPU.ActiveCfg = Release|Any CPU
		{F026C172-F08B-4E99-A5B3-1AFB5227D689}.Release|Any CPU.Build.0 = Release|Any CPU
		{1C21D714-E2BB-4B75-A197-E2A0CA0ABC6F}.Debug|Any CPU.ActiveCfg = Debug|Any CPU
		{1C21D714-E2BB-4B75-A197-E2A0CA0ABC6F}.Debug|Any CPU.Build.0 = Debug|Any CPU
		{1C21D714-E2BB-4B75-A197-E2A0CA0ABC6F}.Release|Any CPU.ActiveCfg = Release|Any CPU
		{1C21D714-E2BB-4B75-A197-E2A0CA0ABC6F}.Release|Any CPU.Build.0 = Release|Any CPU
		{4D19AF12-0690-4231-A29A-EDCA3345CB62}.Debug|Any CPU.ActiveCfg = Debug|Any CPU
		{4D19AF12-0690-4231-A29A-EDCA3345CB62}.Debug|Any CPU.Build.0 = Debug|Any CPU
		{4D19AF12-0690-4231-A29A-EDCA3345CB62}.Release|Any CPU.ActiveCfg = Release|Any CPU
		{4D19AF12-0690-4231-A29A-EDCA3345CB62}.Release|Any CPU.Build.0 = Release|Any CPU
		{14F16D36-4C67-44BC-8505-BF5F86A29653}.Debug|Any CPU.ActiveCfg = Debug|Any CPU
		{14F16D36-4C67-44BC-8505-BF5F86A29653}.Debug|Any CPU.Build.0 = Debug|Any CPU
		{14F16D36-4C67-44BC-8505-BF5F86A29653}.Release|Any CPU.ActiveCfg = Release|Any CPU
		{14F16D36-4C67-44BC-8505-BF5F86A29653}.Release|Any CPU.Build.0 = Release|Any CPU
	EndGlobalSection
	GlobalSection(SolutionProperties) = preSolution
		HideSolutionNode = FALSE
	EndGlobalSection
	GlobalSection(ExtensibilityGlobals) = postSolution
		SolutionGuid = {0EEC546C-CCCC-4CEB-A55B-FA48EC54C550}
	EndGlobalSection
EndGlobal
